// !$*UTF8*$!
{
	archiveVersion = 1;
	classes = {
	};
	objectVersion = 46;
	objects = {

/* Begin PBXBuildFile section */
		6F83650E9CF6E73CB4DD8DC9 /* libPods.a in Frameworks */ = {isa = PBXBuildFile; fileRef = 8B68116AC9882A1A13741F31 /* libPods.a */; };
		7519C8E91A67F11F0043DF40 /* DataModel.xcdatamodel in Sources */ = {isa = PBXBuildFile; fileRef = 7519C8E21A67F11F0043DF40 /* DataModel.xcdatamodel */; };
		7519C8EA1A67F11F0043DF40 /* SearchQuerryEntity.m in Sources */ = {isa = PBXBuildFile; fileRef = 7519C8E41A67F11F0043DF40 /* SearchQuerryEntity.m */; };
		7519C8EB1A67F11F0043DF40 /* SRCFrequentSuggestionsManager.m in Sources */ = {isa = PBXBuildFile; fileRef = 7519C8E61A67F11F0043DF40 /* SRCFrequentSuggestionsManager.m */; };
		7519C8EC1A67F11F0043DF40 /* WTHStorageManager.m in Sources */ = {isa = PBXBuildFile; fileRef = 7519C8E81A67F11F0043DF40 /* WTHStorageManager.m */; };
		7519C8F41A67F2A60043DF40 /* NSDictionary+SafeObjects.m in Sources */ = {isa = PBXBuildFile; fileRef = 7519C8EF1A67F2A60043DF40 /* NSDictionary+SafeObjects.m */; };
		7519C8F51A67F2A60043DF40 /* UIColor+GlobalColors.m in Sources */ = {isa = PBXBuildFile; fileRef = 7519C8F11A67F2A60043DF40 /* UIColor+GlobalColors.m */; };
		7519C8F61A67F2A60043DF40 /* UIFont+GlobalFont.m in Sources */ = {isa = PBXBuildFile; fileRef = 7519C8F31A67F2A60043DF40 /* UIFont+GlobalFont.m */; };
		75919C761A644D0E00F8B47E /* ProximaNova-Bold.otf in Resources */ = {isa = PBXBuildFile; fileRef = 75919C721A644D0E00F8B47E /* ProximaNova-Bold.otf */; };
		75919C771A644D0E00F8B47E /* ProximaNova-Light.otf in Resources */ = {isa = PBXBuildFile; fileRef = 75919C731A644D0E00F8B47E /* ProximaNova-Light.otf */; };
		75919C781A644D0E00F8B47E /* ProximaNova-Regular.otf in Resources */ = {isa = PBXBuildFile; fileRef = 75919C741A644D0E00F8B47E /* ProximaNova-Regular.otf */; };
		75919C791A644D0E00F8B47E /* ProximaNova-Semibold.otf in Resources */ = {isa = PBXBuildFile; fileRef = 75919C751A644D0E00F8B47E /* ProximaNova-Semibold.otf */; };
		75919C7C1A644D8E00F8B47E /* WTHTodayViewController.m in Sources */ = {isa = PBXBuildFile; fileRef = 75919C7B1A644D8E00F8B47E /* WTHTodayViewController.m */; };
		75919C7F1A644D9B00F8B47E /* WTHForecastViewController.m in Sources */ = {isa = PBXBuildFile; fileRef = 75919C7E1A644D9B00F8B47E /* WTHForecastViewController.m */; };
		75919C821A644DA600F8B47E /* WTHSettingsViewController.m in Sources */ = {isa = PBXBuildFile; fileRef = 75919C811A644DA600F8B47E /* WTHSettingsViewController.m */; };
		75919C891A6453A800F8B47E /* MainTabBarController.m in Sources */ = {isa = PBXBuildFile; fileRef = 75919C881A6453A800F8B47E /* MainTabBarController.m */; };
		75919C8C1A6457D000F8B47E /* WTHSettingsTableViewCell.m in Sources */ = {isa = PBXBuildFile; fileRef = 75919C8B1A6457D000F8B47E /* WTHSettingsTableViewCell.m */; };
		75919C8F1A64588900F8B47E /* WTHMainTableViewCell.m in Sources */ = {isa = PBXBuildFile; fileRef = 75919C8E1A64588900F8B47E /* WTHMainTableViewCell.m */; };
		75919C951A64612600F8B47E /* SettingsHandler.m in Sources */ = {isa = PBXBuildFile; fileRef = 75919C941A64612600F8B47E /* SettingsHandler.m */; };
		75919C981A64663200F8B47E /* WTHSettingsDatasource.m in Sources */ = {isa = PBXBuildFile; fileRef = 75919C971A64663200F8B47E /* WTHSettingsDatasource.m */; };
		75919C9B1A64667000F8B47E /* WTHSettingsCellModel.m in Sources */ = {isa = PBXBuildFile; fileRef = 75919C9A1A64667000F8B47E /* WTHSettingsCellModel.m */; };
		75ADD3C71A6435D8002F1879 /* main.m in Sources */ = {isa = PBXBuildFile; fileRef = 75ADD3C61A6435D8002F1879 /* main.m */; };
		75ADD3CA1A6435D8002F1879 /* AppDelegate.m in Sources */ = {isa = PBXBuildFile; fileRef = 75ADD3C91A6435D8002F1879 /* AppDelegate.m */; };
		75ADD3D01A6435D8002F1879 /* Main.storyboard in Resources */ = {isa = PBXBuildFile; fileRef = 75ADD3CE1A6435D8002F1879 /* Main.storyboard */; };
		75ADD3D21A6435D8002F1879 /* Images.xcassets in Resources */ = {isa = PBXBuildFile; fileRef = 75ADD3D11A6435D8002F1879 /* Images.xcassets */; };
		75ADD3D51A6435D8002F1879 /* LaunchScreen.xib in Resources */ = {isa = PBXBuildFile; fileRef = 75ADD3D31A6435D8002F1879 /* LaunchScreen.xib */; };
		75ADD3E11A6435D8002F1879 /* weatherTests.m in Sources */ = {isa = PBXBuildFile; fileRef = 75ADD3E01A6435D8002F1879 /* weatherTests.m */; };
		75D2EB391A67948900D713A7 /* SRCSearchInputViewController.m in Sources */ = {isa = PBXBuildFile; fileRef = 75D2EB381A67948900D713A7 /* SRCSearchInputViewController.m */; };
		75D2EB421A67955100D713A7 /* GeoLocation.m in Sources */ = {isa = PBXBuildFile; fileRef = 75D2EB411A67955100D713A7 /* GeoLocation.m */; };
		75D2EB451A67955F00D713A7 /* AutocompleteCell.m in Sources */ = {isa = PBXBuildFile; fileRef = 75D2EB441A67955F00D713A7 /* AutocompleteCell.m */; };
		75D2EB681A67B33700D713A7 /* GMapsRequester.m in Sources */ = {isa = PBXBuildFile; fileRef = 75D2EB671A67B33700D713A7 /* GMapsRequester.m */; };
		75E01D631A66E43F006DD69F /* WTHNetwork.m in Sources */ = {isa = PBXBuildFile; fileRef = 75E01D601A66E43F006DD69F /* WTHNetwork.m */; };
		75E01D641A66E43F006DD69F /* WTHLocationTrackingManager.m in Sources */ = {isa = PBXBuildFile; fileRef = 75E01D621A66E43F006DD69F /* WTHLocationTrackingManager.m */; };
		75E01D671A66E5EE006DD69F /* WTHForecastDetailedCell.m in Sources */ = {isa = PBXBuildFile; fileRef = 75E01D661A66E5EE006DD69F /* WTHForecastDetailedCell.m */; };
		75E01D6A1A66EA0B006DD69F /* WTHForecastDatasource.m in Sources */ = {isa = PBXBuildFile; fileRef = 75E01D691A66EA0B006DD69F /* WTHForecastDatasource.m */; };
		75E01D6D1A66EA36006DD69F /* WTHForecastLocationsDatasource.m in Sources */ = {isa = PBXBuildFile; fileRef = 75E01D6C1A66EA36006DD69F /* WTHForecastLocationsDatasource.m */; };
		75E01D701A66EA43006DD69F /* WTHForecastCitiesDatasource.m in Sources */ = {isa = PBXBuildFile; fileRef = 75E01D6F1A66EA43006DD69F /* WTHForecastCitiesDatasource.m */; };
		75E01D731A66EAD1006DD69F /* WTHForecastCellModel.m in Sources */ = {isa = PBXBuildFile; fileRef = 75E01D721A66EAD1006DD69F /* WTHForecastCellModel.m */; };
		75E01D761A66F1AA006DD69F /* WTHTodayViewModel.m in Sources */ = {isa = PBXBuildFile; fileRef = 75E01D751A66F1AA006DD69F /* WTHTodayViewModel.m */; };
		75E01D791A66F99E006DD69F /* WTHTodayResponseModel.m in Sources */ = {isa = PBXBuildFile; fileRef = 75E01D781A66F99E006DD69F /* WTHTodayResponseModel.m */; };
/* End PBXBuildFile section */

/* Begin PBXContainerItemProxy section */
		75ADD3DB1A6435D8002F1879 /* PBXContainerItemProxy */ = {
			isa = PBXContainerItemProxy;
			containerPortal = 75ADD3B91A6435D8002F1879 /* Project object */;
			proxyType = 1;
			remoteGlobalIDString = 75ADD3C01A6435D8002F1879;
			remoteInfo = weather;
		};
/* End PBXContainerItemProxy section */

/* Begin PBXFileReference section */
		2F7AA8C7A86990195D028347 /* Pods.release.xcconfig */ = {isa = PBXFileReference; includeInIndex = 1; lastKnownFileType = text.xcconfig; name = Pods.release.xcconfig; path = "Pods/Target Support Files/Pods/Pods.release.xcconfig"; sourceTree = "<group>"; };
		7519C8E21A67F11F0043DF40 /* DataModel.xcdatamodel */ = {isa = PBXFileReference; lastKnownFileType = wrapper.xcdatamodel; path = DataModel.xcdatamodel; sourceTree = "<group>"; };
		7519C8E31A67F11F0043DF40 /* SearchQuerryEntity.h */ = {isa = PBXFileReference; fileEncoding = 4; lastKnownFileType = sourcecode.c.h; path = SearchQuerryEntity.h; sourceTree = "<group>"; };
		7519C8E41A67F11F0043DF40 /* SearchQuerryEntity.m */ = {isa = PBXFileReference; fileEncoding = 4; lastKnownFileType = sourcecode.c.objc; path = SearchQuerryEntity.m; sourceTree = "<group>"; };
		7519C8E51A67F11F0043DF40 /* SRCFrequentSuggestionsManager.h */ = {isa = PBXFileReference; fileEncoding = 4; lastKnownFileType = sourcecode.c.h; path = SRCFrequentSuggestionsManager.h; sourceTree = "<group>"; };
		7519C8E61A67F11F0043DF40 /* SRCFrequentSuggestionsManager.m */ = {isa = PBXFileReference; fileEncoding = 4; lastKnownFileType = sourcecode.c.objc; path = SRCFrequentSuggestionsManager.m; sourceTree = "<group>"; };
		7519C8E71A67F11F0043DF40 /* WTHStorageManager.h */ = {isa = PBXFileReference; fileEncoding = 4; lastKnownFileType = sourcecode.c.h; path = WTHStorageManager.h; sourceTree = "<group>"; };
		7519C8E81A67F11F0043DF40 /* WTHStorageManager.m */ = {isa = PBXFileReference; fileEncoding = 4; lastKnownFileType = sourcecode.c.objc; path = WTHStorageManager.m; sourceTree = "<group>"; };
		7519C8EE1A67F2A60043DF40 /* NSDictionary+SafeObjects.h */ = {isa = PBXFileReference; fileEncoding = 4; lastKnownFileType = sourcecode.c.h; path = "NSDictionary+SafeObjects.h"; sourceTree = "<group>"; };
		7519C8EF1A67F2A60043DF40 /* NSDictionary+SafeObjects.m */ = {isa = PBXFileReference; fileEncoding = 4; lastKnownFileType = sourcecode.c.objc; path = "NSDictionary+SafeObjects.m"; sourceTree = "<group>"; };
		7519C8F01A67F2A60043DF40 /* UIColor+GlobalColors.h */ = {isa = PBXFileReference; fileEncoding = 4; lastKnownFileType = sourcecode.c.h; path = "UIColor+GlobalColors.h"; sourceTree = "<group>"; };
		7519C8F11A67F2A60043DF40 /* UIColor+GlobalColors.m */ = {isa = PBXFileReference; fileEncoding = 4; lastKnownFileType = sourcecode.c.objc; path = "UIColor+GlobalColors.m"; sourceTree = "<group>"; };
		7519C8F21A67F2A60043DF40 /* UIFont+GlobalFont.h */ = {isa = PBXFileReference; fileEncoding = 4; lastKnownFileType = sourcecode.c.h; path = "UIFont+GlobalFont.h"; sourceTree = "<group>"; };
		7519C8F31A67F2A60043DF40 /* UIFont+GlobalFont.m */ = {isa = PBXFileReference; fileEncoding = 4; lastKnownFileType = sourcecode.c.objc; path = "UIFont+GlobalFont.m"; sourceTree = "<group>"; };
		75919C721A644D0E00F8B47E /* ProximaNova-Bold.otf */ = {isa = PBXFileReference; lastKnownFileType = file; path = "ProximaNova-Bold.otf"; sourceTree = "<group>"; };
		75919C731A644D0E00F8B47E /* ProximaNova-Light.otf */ = {isa = PBXFileReference; lastKnownFileType = file; path = "ProximaNova-Light.otf"; sourceTree = "<group>"; };
		75919C741A644D0E00F8B47E /* ProximaNova-Regular.otf */ = {isa = PBXFileReference; lastKnownFileType = file; path = "ProximaNova-Regular.otf"; sourceTree = "<group>"; };
		75919C751A644D0E00F8B47E /* ProximaNova-Semibold.otf */ = {isa = PBXFileReference; lastKnownFileType = file; path = "ProximaNova-Semibold.otf"; sourceTree = "<group>"; };
		75919C7A1A644D8E00F8B47E /* WTHTodayViewController.h */ = {isa = PBXFileReference; fileEncoding = 4; lastKnownFileType = sourcecode.c.h; path = WTHTodayViewController.h; sourceTree = "<group>"; };
		75919C7B1A644D8E00F8B47E /* WTHTodayViewController.m */ = {isa = PBXFileReference; fileEncoding = 4; lastKnownFileType = sourcecode.c.objc; path = WTHTodayViewController.m; sourceTree = "<group>"; };
		75919C7D1A644D9B00F8B47E /* WTHForecastViewController.h */ = {isa = PBXFileReference; fileEncoding = 4; lastKnownFileType = sourcecode.c.h; path = WTHForecastViewController.h; sourceTree = "<group>"; };
		75919C7E1A644D9B00F8B47E /* WTHForecastViewController.m */ = {isa = PBXFileReference; fileEncoding = 4; lastKnownFileType = sourcecode.c.objc; path = WTHForecastViewController.m; sourceTree = "<group>"; };
		75919C801A644DA600F8B47E /* WTHSettingsViewController.h */ = {isa = PBXFileReference; fileEncoding = 4; lastKnownFileType = sourcecode.c.h; path = WTHSettingsViewController.h; sourceTree = "<group>"; };
		75919C811A644DA600F8B47E /* WTHSettingsViewController.m */ = {isa = PBXFileReference; fileEncoding = 4; lastKnownFileType = sourcecode.c.objc; path = WTHSettingsViewController.m; sourceTree = "<group>"; };
		75919C861A64531200F8B47E /* weather-Prefix.pch */ = {isa = PBXFileReference; fileEncoding = 4; lastKnownFileType = sourcecode.c.h; path = "weather-Prefix.pch"; sourceTree = "<group>"; };
		75919C871A6453A800F8B47E /* MainTabBarController.h */ = {isa = PBXFileReference; fileEncoding = 4; lastKnownFileType = sourcecode.c.h; path = MainTabBarController.h; sourceTree = "<group>"; };
		75919C881A6453A800F8B47E /* MainTabBarController.m */ = {isa = PBXFileReference; fileEncoding = 4; lastKnownFileType = sourcecode.c.objc; path = MainTabBarController.m; sourceTree = "<group>"; };
		75919C8A1A6457D000F8B47E /* WTHSettingsTableViewCell.h */ = {isa = PBXFileReference; fileEncoding = 4; lastKnownFileType = sourcecode.c.h; path = WTHSettingsTableViewCell.h; sourceTree = "<group>"; };
		75919C8B1A6457D000F8B47E /* WTHSettingsTableViewCell.m */ = {isa = PBXFileReference; fileEncoding = 4; lastKnownFileType = sourcecode.c.objc; path = WTHSettingsTableViewCell.m; sourceTree = "<group>"; };
		75919C8D1A64588900F8B47E /* WTHMainTableViewCell.h */ = {isa = PBXFileReference; fileEncoding = 4; lastKnownFileType = sourcecode.c.h; path = WTHMainTableViewCell.h; sourceTree = "<group>"; };
		75919C8E1A64588900F8B47E /* WTHMainTableViewCell.m */ = {isa = PBXFileReference; fileEncoding = 4; lastKnownFileType = sourcecode.c.objc; path = WTHMainTableViewCell.m; sourceTree = "<group>"; };
		75919C931A64612600F8B47E /* SettingsHandler.h */ = {isa = PBXFileReference; fileEncoding = 4; lastKnownFileType = sourcecode.c.h; path = SettingsHandler.h; sourceTree = "<group>"; };
		75919C941A64612600F8B47E /* SettingsHandler.m */ = {isa = PBXFileReference; fileEncoding = 4; lastKnownFileType = sourcecode.c.objc; path = SettingsHandler.m; sourceTree = "<group>"; };
		75919C961A64663200F8B47E /* WTHSettingsDatasource.h */ = {isa = PBXFileReference; fileEncoding = 4; lastKnownFileType = sourcecode.c.h; path = WTHSettingsDatasource.h; sourceTree = "<group>"; };
		75919C971A64663200F8B47E /* WTHSettingsDatasource.m */ = {isa = PBXFileReference; fileEncoding = 4; lastKnownFileType = sourcecode.c.objc; path = WTHSettingsDatasource.m; sourceTree = "<group>"; };
		75919C991A64667000F8B47E /* WTHSettingsCellModel.h */ = {isa = PBXFileReference; fileEncoding = 4; lastKnownFileType = sourcecode.c.h; path = WTHSettingsCellModel.h; sourceTree = "<group>"; };
		75919C9A1A64667000F8B47E /* WTHSettingsCellModel.m */ = {isa = PBXFileReference; fileEncoding = 4; lastKnownFileType = sourcecode.c.objc; path = WTHSettingsCellModel.m; sourceTree = "<group>"; };
		75ADD3C11A6435D8002F1879 /* weather.app */ = {isa = PBXFileReference; explicitFileType = wrapper.application; includeInIndex = 0; path = weather.app; sourceTree = BUILT_PRODUCTS_DIR; };
		75ADD3C51A6435D8002F1879 /* Info.plist */ = {isa = PBXFileReference; lastKnownFileType = text.plist.xml; path = Info.plist; sourceTree = "<group>"; };
		75ADD3C61A6435D8002F1879 /* main.m */ = {isa = PBXFileReference; lastKnownFileType = sourcecode.c.objc; path = main.m; sourceTree = "<group>"; };
		75ADD3C81A6435D8002F1879 /* AppDelegate.h */ = {isa = PBXFileReference; lastKnownFileType = sourcecode.c.h; path = AppDelegate.h; sourceTree = "<group>"; };
		75ADD3C91A6435D8002F1879 /* AppDelegate.m */ = {isa = PBXFileReference; lastKnownFileType = sourcecode.c.objc; path = AppDelegate.m; sourceTree = "<group>"; };
		75ADD3CF1A6435D8002F1879 /* Base */ = {isa = PBXFileReference; lastKnownFileType = file.storyboard; name = Base; path = Base.lproj/Main.storyboard; sourceTree = "<group>"; };
		75ADD3D11A6435D8002F1879 /* Images.xcassets */ = {isa = PBXFileReference; lastKnownFileType = folder.assetcatalog; path = Images.xcassets; sourceTree = "<group>"; };
		75ADD3D41A6435D8002F1879 /* Base */ = {isa = PBXFileReference; lastKnownFileType = file.xib; name = Base; path = Base.lproj/LaunchScreen.xib; sourceTree = "<group>"; };
		75ADD3DA1A6435D8002F1879 /* weatherTests.xctest */ = {isa = PBXFileReference; explicitFileType = wrapper.cfbundle; includeInIndex = 0; path = weatherTests.xctest; sourceTree = BUILT_PRODUCTS_DIR; };
		75ADD3DF1A6435D8002F1879 /* Info.plist */ = {isa = PBXFileReference; lastKnownFileType = text.plist.xml; path = Info.plist; sourceTree = "<group>"; };
		75ADD3E01A6435D8002F1879 /* weatherTests.m */ = {isa = PBXFileReference; lastKnownFileType = sourcecode.c.objc; path = weatherTests.m; sourceTree = "<group>"; };
		75D2EB371A67948900D713A7 /* SRCSearchInputViewController.h */ = {isa = PBXFileReference; fileEncoding = 4; lastKnownFileType = sourcecode.c.h; path = SRCSearchInputViewController.h; sourceTree = "<group>"; };
		75D2EB381A67948900D713A7 /* SRCSearchInputViewController.m */ = {isa = PBXFileReference; fileEncoding = 4; lastKnownFileType = sourcecode.c.objc; path = SRCSearchInputViewController.m; sourceTree = "<group>"; };
		75D2EB401A67955100D713A7 /* GeoLocation.h */ = {isa = PBXFileReference; fileEncoding = 4; lastKnownFileType = sourcecode.c.h; path = GeoLocation.h; sourceTree = "<group>"; };
		75D2EB411A67955100D713A7 /* GeoLocation.m */ = {isa = PBXFileReference; fileEncoding = 4; lastKnownFileType = sourcecode.c.objc; path = GeoLocation.m; sourceTree = "<group>"; };
		75D2EB431A67955F00D713A7 /* AutocompleteCell.h */ = {isa = PBXFileReference; fileEncoding = 4; lastKnownFileType = sourcecode.c.h; path = AutocompleteCell.h; sourceTree = "<group>"; };
		75D2EB441A67955F00D713A7 /* AutocompleteCell.m */ = {isa = PBXFileReference; fileEncoding = 4; lastKnownFileType = sourcecode.c.objc; path = AutocompleteCell.m; sourceTree = "<group>"; };
		75D2EB661A67B33700D713A7 /* GMapsRequester.h */ = {isa = PBXFileReference; fileEncoding = 4; lastKnownFileType = sourcecode.c.h; path = GMapsRequester.h; sourceTree = "<group>"; };
		75D2EB671A67B33700D713A7 /* GMapsRequester.m */ = {isa = PBXFileReference; fileEncoding = 4; lastKnownFileType = sourcecode.c.objc; path = GMapsRequester.m; sourceTree = "<group>"; };
		75E01D5F1A66E43F006DD69F /* WTHNetwork.h */ = {isa = PBXFileReference; fileEncoding = 4; lastKnownFileType = sourcecode.c.h; path = WTHNetwork.h; sourceTree = "<group>"; };
		75E01D601A66E43F006DD69F /* WTHNetwork.m */ = {isa = PBXFileReference; fileEncoding = 4; lastKnownFileType = sourcecode.c.objc; path = WTHNetwork.m; sourceTree = "<group>"; };
		75E01D611A66E43F006DD69F /* WTHLocationTrackingManager.h */ = {isa = PBXFileReference; fileEncoding = 4; lastKnownFileType = sourcecode.c.h; path = WTHLocationTrackingManager.h; sourceTree = "<group>"; };
		75E01D621A66E43F006DD69F /* WTHLocationTrackingManager.m */ = {isa = PBXFileReference; fileEncoding = 4; lastKnownFileType = sourcecode.c.objc; path = WTHLocationTrackingManager.m; sourceTree = "<group>"; };
		75E01D651A66E5EE006DD69F /* WTHForecastDetailedCell.h */ = {isa = PBXFileReference; fileEncoding = 4; lastKnownFileType = sourcecode.c.h; path = WTHForecastDetailedCell.h; sourceTree = "<group>"; };
		75E01D661A66E5EE006DD69F /* WTHForecastDetailedCell.m */ = {isa = PBXFileReference; fileEncoding = 4; lastKnownFileType = sourcecode.c.objc; path = WTHForecastDetailedCell.m; sourceTree = "<group>"; };
		75E01D681A66EA0B006DD69F /* WTHForecastDatasource.h */ = {isa = PBXFileReference; fileEncoding = 4; lastKnownFileType = sourcecode.c.h; path = WTHForecastDatasource.h; sourceTree = "<group>"; };
		75E01D691A66EA0B006DD69F /* WTHForecastDatasource.m */ = {isa = PBXFileReference; fileEncoding = 4; lastKnownFileType = sourcecode.c.objc; path = WTHForecastDatasource.m; sourceTree = "<group>"; };
		75E01D6B1A66EA36006DD69F /* WTHForecastLocationsDatasource.h */ = {isa = PBXFileReference; fileEncoding = 4; lastKnownFileType = sourcecode.c.h; path = WTHForecastLocationsDatasource.h; sourceTree = "<group>"; };
		75E01D6C1A66EA36006DD69F /* WTHForecastLocationsDatasource.m */ = {isa = PBXFileReference; fileEncoding = 4; lastKnownFileType = sourcecode.c.objc; path = WTHForecastLocationsDatasource.m; sourceTree = "<group>"; };
		75E01D6E1A66EA43006DD69F /* WTHForecastCitiesDatasource.h */ = {isa = PBXFileReference; fileEncoding = 4; lastKnownFileType = sourcecode.c.h; path = WTHForecastCitiesDatasource.h; sourceTree = "<group>"; };
		75E01D6F1A66EA43006DD69F /* WTHForecastCitiesDatasource.m */ = {isa = PBXFileReference; fileEncoding = 4; lastKnownFileType = sourcecode.c.objc; path = WTHForecastCitiesDatasource.m; sourceTree = "<group>"; };
		75E01D711A66EAD1006DD69F /* WTHForecastCellModel.h */ = {isa = PBXFileReference; fileEncoding = 4; lastKnownFileType = sourcecode.c.h; path = WTHForecastCellModel.h; sourceTree = "<group>"; };
		75E01D721A66EAD1006DD69F /* WTHForecastCellModel.m */ = {isa = PBXFileReference; fileEncoding = 4; lastKnownFileType = sourcecode.c.objc; path = WTHForecastCellModel.m; sourceTree = "<group>"; };
		75E01D741A66F1AA006DD69F /* WTHTodayViewModel.h */ = {isa = PBXFileReference; fileEncoding = 4; lastKnownFileType = sourcecode.c.h; path = WTHTodayViewModel.h; sourceTree = "<group>"; };
		75E01D751A66F1AA006DD69F /* WTHTodayViewModel.m */ = {isa = PBXFileReference; fileEncoding = 4; lastKnownFileType = sourcecode.c.objc; path = WTHTodayViewModel.m; sourceTree = "<group>"; };
		75E01D771A66F99E006DD69F /* WTHTodayResponseModel.h */ = {isa = PBXFileReference; fileEncoding = 4; lastKnownFileType = sourcecode.c.h; path = WTHTodayResponseModel.h; sourceTree = "<group>"; };
		75E01D781A66F99E006DD69F /* WTHTodayResponseModel.m */ = {isa = PBXFileReference; fileEncoding = 4; lastKnownFileType = sourcecode.c.objc; path = WTHTodayResponseModel.m; sourceTree = "<group>"; };
		85C7E0D27C8BB08D12C93E8E /* Pods.debug.xcconfig */ = {isa = PBXFileReference; includeInIndex = 1; lastKnownFileType = text.xcconfig; name = Pods.debug.xcconfig; path = "Pods/Target Support Files/Pods/Pods.debug.xcconfig"; sourceTree = "<group>"; };
		8B68116AC9882A1A13741F31 /* libPods.a */ = {isa = PBXFileReference; explicitFileType = archive.ar; includeInIndex = 0; path = libPods.a; sourceTree = BUILT_PRODUCTS_DIR; };
/* End PBXFileReference section */

/* Begin PBXFrameworksBuildPhase section */
		75ADD3BE1A6435D8002F1879 /* Frameworks */ = {
			isa = PBXFrameworksBuildPhase;
			buildActionMask = 2147483647;
			files = (
				6F83650E9CF6E73CB4DD8DC9 /* libPods.a in Frameworks */,
			);
			runOnlyForDeploymentPostprocessing = 0;
		};
		75ADD3D71A6435D8002F1879 /* Frameworks */ = {
			isa = PBXFrameworksBuildPhase;
			buildActionMask = 2147483647;
			files = (
			);
			runOnlyForDeploymentPostprocessing = 0;
		};
/* End PBXFrameworksBuildPhase section */

/* Begin PBXGroup section */
		0BC25087F83BEAEB3273E94D /* Frameworks */ = {
			isa = PBXGroup;
			children = (
				8B68116AC9882A1A13741F31 /* libPods.a */,
			);
			name = Frameworks;
			sourceTree = "<group>";
		};
		18F056D0BA11A08BF7F826EB /* Pods */ = {
			isa = PBXGroup;
			children = (
				85C7E0D27C8BB08D12C93E8E /* Pods.debug.xcconfig */,
				2F7AA8C7A86990195D028347 /* Pods.release.xcconfig */,
			);
			name = Pods;
			sourceTree = "<group>";
		};
		7519C8E11A67F11F0043DF40 /* Stogare */ = {
			isa = PBXGroup;
			children = (
				7519C8E21A67F11F0043DF40 /* DataModel.xcdatamodel */,
				7519C8E31A67F11F0043DF40 /* SearchQuerryEntity.h */,
				7519C8E41A67F11F0043DF40 /* SearchQuerryEntity.m */,
				7519C8E51A67F11F0043DF40 /* SRCFrequentSuggestionsManager.h */,
				7519C8E61A67F11F0043DF40 /* SRCFrequentSuggestionsManager.m */,
				7519C8E71A67F11F0043DF40 /* WTHStorageManager.h */,
				7519C8E81A67F11F0043DF40 /* WTHStorageManager.m */,
			);
			path = Stogare;
			sourceTree = "<group>";
		};
		7519C8ED1A67F2A60043DF40 /* Categories */ = {
			isa = PBXGroup;
			children = (
				7519C8EE1A67F2A60043DF40 /* NSDictionary+SafeObjects.h */,
				7519C8EF1A67F2A60043DF40 /* NSDictionary+SafeObjects.m */,
				7519C8F01A67F2A60043DF40 /* UIColor+GlobalColors.h */,
				7519C8F11A67F2A60043DF40 /* UIColor+GlobalColors.m */,
				7519C8F21A67F2A60043DF40 /* UIFont+GlobalFont.h */,
				7519C8F31A67F2A60043DF40 /* UIFont+GlobalFont.m */,
			);
			path = Categories;
			sourceTree = "<group>";
		};
		75919C711A644D0E00F8B47E /* Fonts */ = {
			isa = PBXGroup;
			children = (
				75919C721A644D0E00F8B47E /* ProximaNova-Bold.otf */,
				75919C731A644D0E00F8B47E /* ProximaNova-Light.otf */,
				75919C741A644D0E00F8B47E /* ProximaNova-Regular.otf */,
				75919C751A644D0E00F8B47E /* ProximaNova-Semibold.otf */,
			);
			path = Fonts;
			sourceTree = "<group>";
		};
		75ADD3B81A6435D8002F1879 = {
			isa = PBXGroup;
			children = (
				75ADD3C31A6435D8002F1879 /* weather */,
				75ADD3DD1A6435D8002F1879 /* weatherTests */,
				75ADD3C21A6435D8002F1879 /* Products */,
				18F056D0BA11A08BF7F826EB /* Pods */,
				0BC25087F83BEAEB3273E94D /* Frameworks */,
			);
			sourceTree = "<group>";
		};
		75ADD3C21A6435D8002F1879 /* Products */ = {
			isa = PBXGroup;
			children = (
				75ADD3C11A6435D8002F1879 /* weather.app */,
				75ADD3DA1A6435D8002F1879 /* weatherTests.xctest */,
			);
			name = Products;
			sourceTree = "<group>";
		};
		75ADD3C31A6435D8002F1879 /* weather */ = {
			isa = PBXGroup;
			children = (
				7519C8ED1A67F2A60043DF40 /* Categories */,
				7519C8E11A67F11F0043DF40 /* Stogare */,
				75D2EB431A67955F00D713A7 /* AutocompleteCell.h */,
				75D2EB441A67955F00D713A7 /* AutocompleteCell.m */,
				75D2EB401A67955100D713A7 /* GeoLocation.h */,
				75D2EB411A67955100D713A7 /* GeoLocation.m */,
				75D2EB661A67B33700D713A7 /* GMapsRequester.h */,
				75D2EB671A67B33700D713A7 /* GMapsRequester.m */,
				75D2EB371A67948900D713A7 /* SRCSearchInputViewController.h */,
				75D2EB381A67948900D713A7 /* SRCSearchInputViewController.m */,
				75ADD3C81A6435D8002F1879 /* AppDelegate.h */,
				75ADD3C91A6435D8002F1879 /* AppDelegate.m */,
				75919C871A6453A800F8B47E /* MainTabBarController.h */,
				75919C881A6453A800F8B47E /* MainTabBarController.m */,
				75919C8D1A64588900F8B47E /* WTHMainTableViewCell.h */,
				75919C8E1A64588900F8B47E /* WTHMainTableViewCell.m */,
				75919C7A1A644D8E00F8B47E /* WTHTodayViewController.h */,
				75919C7B1A644D8E00F8B47E /* WTHTodayViewController.m */,
				75E01D741A66F1AA006DD69F /* WTHTodayViewModel.h */,
				75E01D751A66F1AA006DD69F /* WTHTodayViewModel.m */,
				75E01D771A66F99E006DD69F /* WTHTodayResponseModel.h */,
				75E01D781A66F99E006DD69F /* WTHTodayResponseModel.m */,
				75919C7D1A644D9B00F8B47E /* WTHForecastViewController.h */,
				75919C7E1A644D9B00F8B47E /* WTHForecastViewController.m */,
				75E01D681A66EA0B006DD69F /* WTHForecastDatasource.h */,
				75E01D691A66EA0B006DD69F /* WTHForecastDatasource.m */,
				75E01D6B1A66EA36006DD69F /* WTHForecastLocationsDatasource.h */,
				75E01D6C1A66EA36006DD69F /* WTHForecastLocationsDatasource.m */,
				75E01D6E1A66EA43006DD69F /* WTHForecastCitiesDatasource.h */,
				75E01D6F1A66EA43006DD69F /* WTHForecastCitiesDatasource.m */,
				75E01D711A66EAD1006DD69F /* WTHForecastCellModel.h */,
				75E01D721A66EAD1006DD69F /* WTHForecastCellModel.m */,
				75E01D651A66E5EE006DD69F /* WTHForecastDetailedCell.h */,
				75E01D661A66E5EE006DD69F /* WTHForecastDetailedCell.m */,
				75919C801A644DA600F8B47E /* WTHSettingsViewController.h */,
				75919C811A644DA600F8B47E /* WTHSettingsViewController.m */,
				75919C961A64663200F8B47E /* WTHSettingsDatasource.h */,
				75919C971A64663200F8B47E /* WTHSettingsDatasource.m */,
				75919C991A64667000F8B47E /* WTHSettingsCellModel.h */,
				75919C9A1A64667000F8B47E /* WTHSettingsCellModel.m */,
				75919C8A1A6457D000F8B47E /* WTHSettingsTableViewCell.h */,
				75919C8B1A6457D000F8B47E /* WTHSettingsTableViewCell.m */,
				75E01D5F1A66E43F006DD69F /* WTHNetwork.h */,
				75E01D601A66E43F006DD69F /* WTHNetwork.m */,
				75E01D611A66E43F006DD69F /* WTHLocationTrackingManager.h */,
				75E01D621A66E43F006DD69F /* WTHLocationTrackingManager.m */,
				75919C931A64612600F8B47E /* SettingsHandler.h */,
				75919C941A64612600F8B47E /* SettingsHandler.m */,
				75ADD3CE1A6435D8002F1879 /* Main.storyboard */,
				75ADD3D11A6435D8002F1879 /* Images.xcassets */,
				75ADD3D31A6435D8002F1879 /* LaunchScreen.xib */,
				75ADD3C41A6435D8002F1879 /* Supporting Files */,
			);
			path = weather;
			sourceTree = "<group>";
		};
		75ADD3C41A6435D8002F1879 /* Supporting Files */ = {
			isa = PBXGroup;
			children = (
				75919C711A644D0E00F8B47E /* Fonts */,
				75ADD3C51A6435D8002F1879 /* Info.plist */,
				75919C861A64531200F8B47E /* weather-Prefix.pch */,
				75ADD3C61A6435D8002F1879 /* main.m */,
			);
			name = "Supporting Files";
			sourceTree = "<group>";
		};
		75ADD3DD1A6435D8002F1879 /* weatherTests */ = {
			isa = PBXGroup;
			children = (
				75ADD3E01A6435D8002F1879 /* weatherTests.m */,
				75ADD3DE1A6435D8002F1879 /* Supporting Files */,
			);
			path = weatherTests;
			sourceTree = "<group>";
		};
		75ADD3DE1A6435D8002F1879 /* Supporting Files */ = {
			isa = PBXGroup;
			children = (
				75ADD3DF1A6435D8002F1879 /* Info.plist */,
			);
			name = "Supporting Files";
			sourceTree = "<group>";
		};
/* End PBXGroup section */

/* Begin PBXNativeTarget section */
		75ADD3C01A6435D8002F1879 /* weather */ = {
			isa = PBXNativeTarget;
			buildConfigurationList = 75ADD3E41A6435D8002F1879 /* Build configuration list for PBXNativeTarget "weather" */;
			buildPhases = (
				BA3EFDB817FE3D323A89899E /* Check Pods Manifest.lock */,
				75ADD3BD1A6435D8002F1879 /* Sources */,
				75ADD3BE1A6435D8002F1879 /* Frameworks */,
				75ADD3BF1A6435D8002F1879 /* Resources */,
				57EBE67C9DD173C656E90D3E /* Copy Pods Resources */,
			);
			buildRules = (
			);
			dependencies = (
			);
			name = weather;
			productName = weather;
			productReference = 75ADD3C11A6435D8002F1879 /* weather.app */;
			productType = "com.apple.product-type.application";
		};
		75ADD3D91A6435D8002F1879 /* weatherTests */ = {
			isa = PBXNativeTarget;
			buildConfigurationList = 75ADD3E71A6435D8002F1879 /* Build configuration list for PBXNativeTarget "weatherTests" */;
			buildPhases = (
				75ADD3D61A6435D8002F1879 /* Sources */,
				75ADD3D71A6435D8002F1879 /* Frameworks */,
				75ADD3D81A6435D8002F1879 /* Resources */,
			);
			buildRules = (
			);
			dependencies = (
				75ADD3DC1A6435D8002F1879 /* PBXTargetDependency */,
			);
			name = weatherTests;
			productName = weatherTests;
			productReference = 75ADD3DA1A6435D8002F1879 /* weatherTests.xctest */;
			productType = "com.apple.product-type.bundle.unit-test";
		};
/* End PBXNativeTarget section */

/* Begin PBXProject section */
		75ADD3B91A6435D8002F1879 /* Project object */ = {
			isa = PBXProject;
			attributes = {
				LastUpgradeCheck = 0610;
				ORGANIZATIONNAME = "Andrei Vidrasco";
				TargetAttributes = {
					75ADD3C01A6435D8002F1879 = {
						CreatedOnToolsVersion = 6.1.1;
					};
					75ADD3D91A6435D8002F1879 = {
						CreatedOnToolsVersion = 6.1.1;
						TestTargetID = 75ADD3C01A6435D8002F1879;
					};
				};
			};
			buildConfigurationList = 75ADD3BC1A6435D8002F1879 /* Build configuration list for PBXProject "weather" */;
			compatibilityVersion = "Xcode 3.2";
			developmentRegion = English;
			hasScannedForEncodings = 0;
			knownRegions = (
				en,
				Base,
			);
			mainGroup = 75ADD3B81A6435D8002F1879;
			productRefGroup = 75ADD3C21A6435D8002F1879 /* Products */;
			projectDirPath = "";
			projectRoot = "";
			targets = (
				75ADD3C01A6435D8002F1879 /* weather */,
				75ADD3D91A6435D8002F1879 /* weatherTests */,
			);
		};
/* End PBXProject section */

/* Begin PBXResourcesBuildPhase section */
		75ADD3BF1A6435D8002F1879 /* Resources */ = {
			isa = PBXResourcesBuildPhase;
			buildActionMask = 2147483647;
			files = (
				75919C771A644D0E00F8B47E /* ProximaNova-Light.otf in Resources */,
				75ADD3D01A6435D8002F1879 /* Main.storyboard in Resources */,
				75919C761A644D0E00F8B47E /* ProximaNova-Bold.otf in Resources */,
				75ADD3D51A6435D8002F1879 /* LaunchScreen.xib in Resources */,
				75ADD3D21A6435D8002F1879 /* Images.xcassets in Resources */,
				75919C781A644D0E00F8B47E /* ProximaNova-Regular.otf in Resources */,
				75919C791A644D0E00F8B47E /* ProximaNova-Semibold.otf in Resources */,
			);
			runOnlyForDeploymentPostprocessing = 0;
		};
		75ADD3D81A6435D8002F1879 /* Resources */ = {
			isa = PBXResourcesBuildPhase;
			buildActionMask = 2147483647;
			files = (
			);
			runOnlyForDeploymentPostprocessing = 0;
		};
/* End PBXResourcesBuildPhase section */

/* Begin PBXShellScriptBuildPhase section */
		57EBE67C9DD173C656E90D3E /* Copy Pods Resources */ = {
			isa = PBXShellScriptBuildPhase;
			buildActionMask = 2147483647;
			files = (
			);
			inputPaths = (
			);
			name = "Copy Pods Resources";
			outputPaths = (
			);
			runOnlyForDeploymentPostprocessing = 0;
			shellPath = /bin/sh;
			shellScript = "\"${SRCROOT}/Pods/Target Support Files/Pods/Pods-resources.sh\"\n";
			showEnvVarsInLog = 0;
		};
		BA3EFDB817FE3D323A89899E /* Check Pods Manifest.lock */ = {
			isa = PBXShellScriptBuildPhase;
			buildActionMask = 2147483647;
			files = (
			);
			inputPaths = (
			);
			name = "Check Pods Manifest.lock";
			outputPaths = (
			);
			runOnlyForDeploymentPostprocessing = 0;
			shellPath = /bin/sh;
			shellScript = "diff \"${PODS_ROOT}/../Podfile.lock\" \"${PODS_ROOT}/Manifest.lock\" > /dev/null\nif [[ $? != 0 ]] ; then\n    cat << EOM\nerror: The sandbox is not in sync with the Podfile.lock. Run 'pod install' or update your CocoaPods installation.\nEOM\n    exit 1\nfi\n";
			showEnvVarsInLog = 0;
		};
/* End PBXShellScriptBuildPhase section */

/* Begin PBXSourcesBuildPhase section */
		75ADD3BD1A6435D8002F1879 /* Sources */ = {
			isa = PBXSourcesBuildPhase;
			buildActionMask = 2147483647;
			files = (
				75919C7C1A644D8E00F8B47E /* WTHTodayViewController.m in Sources */,
				75919C891A6453A800F8B47E /* MainTabBarController.m in Sources */,
				7519C8F61A67F2A60043DF40 /* UIFont+GlobalFont.m in Sources */,
				75ADD3CA1A6435D8002F1879 /* AppDelegate.m in Sources */,
				75919C8F1A64588900F8B47E /* WTHMainTableViewCell.m in Sources */,
				75D2EB421A67955100D713A7 /* GeoLocation.m in Sources */,
				75D2EB391A67948900D713A7 /* SRCSearchInputViewController.m in Sources */,
				7519C8EB1A67F11F0043DF40 /* SRCFrequentSuggestionsManager.m in Sources */,
				7519C8EC1A67F11F0043DF40 /* WTHStorageManager.m in Sources */,
				75E01D761A66F1AA006DD69F /* WTHTodayViewModel.m in Sources */,
				75E01D701A66EA43006DD69F /* WTHForecastCitiesDatasource.m in Sources */,
				75919C8C1A6457D000F8B47E /* WTHSettingsTableViewCell.m in Sources */,
				75E01D6D1A66EA36006DD69F /* WTHForecastLocationsDatasource.m in Sources */,
				7519C8F41A67F2A60043DF40 /* NSDictionary+SafeObjects.m in Sources */,
				75919C9B1A64667000F8B47E /* WTHSettingsCellModel.m in Sources */,
				75D2EB681A67B33700D713A7 /* GMapsRequester.m in Sources */,
				75ADD3C71A6435D8002F1879 /* main.m in Sources */,
				75D2EB451A67955F00D713A7 /* AutocompleteCell.m in Sources */,
				75E01D6A1A66EA0B006DD69F /* WTHForecastDatasource.m in Sources */,
				75E01D641A66E43F006DD69F /* WTHLocationTrackingManager.m in Sources */,
				7519C8E91A67F11F0043DF40 /* DataModel.xcdatamodel in Sources */,
				75919C951A64612600F8B47E /* SettingsHandler.m in Sources */,
				75E01D671A66E5EE006DD69F /* WTHForecastDetailedCell.m in Sources */,
				75919C7F1A644D9B00F8B47E /* WTHForecastViewController.m in Sources */,
				75E01D791A66F99E006DD69F /* WTHTodayResponseModel.m in Sources */,
				75E01D631A66E43F006DD69F /* WTHNetwork.m in Sources */,
				75919C981A64663200F8B47E /* WTHSettingsDatasource.m in Sources */,
				7519C8F51A67F2A60043DF40 /* UIColor+GlobalColors.m in Sources */,
				7519C8EA1A67F11F0043DF40 /* SearchQuerryEntity.m in Sources */,
				75E01D731A66EAD1006DD69F /* WTHForecastCellModel.m in Sources */,
				75919C821A644DA600F8B47E /* WTHSettingsViewController.m in Sources */,
			);
			runOnlyForDeploymentPostprocessing = 0;
		};
		75ADD3D61A6435D8002F1879 /* Sources */ = {
			isa = PBXSourcesBuildPhase;
			buildActionMask = 2147483647;
			files = (
				75ADD3E11A6435D8002F1879 /* weatherTests.m in Sources */,
			);
			runOnlyForDeploymentPostprocessing = 0;
		};
/* End PBXSourcesBuildPhase section */

/* Begin PBXTargetDependency section */
		75ADD3DC1A6435D8002F1879 /* PBXTargetDependency */ = {
			isa = PBXTargetDependency;
			target = 75ADD3C01A6435D8002F1879 /* weather */;
			targetProxy = 75ADD3DB1A6435D8002F1879 /* PBXContainerItemProxy */;
		};
/* End PBXTargetDependency section */

/* Begin PBXVariantGroup section */
		75ADD3CE1A6435D8002F1879 /* Main.storyboard */ = {
			isa = PBXVariantGroup;
			children = (
				75ADD3CF1A6435D8002F1879 /* Base */,
			);
			name = Main.storyboard;
			sourceTree = "<group>";
		};
		75ADD3D31A6435D8002F1879 /* LaunchScreen.xib */ = {
			isa = PBXVariantGroup;
			children = (
				75ADD3D41A6435D8002F1879 /* Base */,
			);
			name = LaunchScreen.xib;
			sourceTree = "<group>";
		};
/* End PBXVariantGroup section */

/* Begin XCBuildConfiguration section */
		75ADD3E21A6435D8002F1879 /* Debug */ = {
			isa = XCBuildConfiguration;
			buildSettings = {
				ALWAYS_SEARCH_USER_PATHS = NO;
				CLANG_CXX_LANGUAGE_STANDARD = "gnu++0x";
				CLANG_CXX_LIBRARY = "libc++";
				CLANG_ENABLE_MODULES = YES;
				CLANG_ENABLE_OBJC_ARC = YES;
				CLANG_WARN_BOOL_CONVERSION = YES;
				CLANG_WARN_CONSTANT_CONVERSION = YES;
				CLANG_WARN_DIRECT_OBJC_ISA_USAGE = YES_ERROR;
				CLANG_WARN_EMPTY_BODY = YES;
				CLANG_WARN_ENUM_CONVERSION = YES;
				CLANG_WARN_INT_CONVERSION = YES;
				CLANG_WARN_OBJC_ROOT_CLASS = YES_ERROR;
				CLANG_WARN_UNREACHABLE_CODE = YES;
				CLANG_WARN__DUPLICATE_METHOD_MATCH = YES;
				"CODE_SIGN_IDENTITY[sdk=iphoneos*]" = "iPhone Developer";
				COPY_PHASE_STRIP = NO;
				ENABLE_STRICT_OBJC_MSGSEND = YES;
				GCC_C_LANGUAGE_STANDARD = gnu99;
				GCC_DYNAMIC_NO_PIC = NO;
				GCC_OPTIMIZATION_LEVEL = 0;
				GCC_PREPROCESSOR_DEFINITIONS = (
					"DEBUG=1",
					"$(inherited)",
				);
				GCC_SYMBOLS_PRIVATE_EXTERN = NO;
				GCC_WARN_64_TO_32_BIT_CONVERSION = YES;
				GCC_WARN_ABOUT_RETURN_TYPE = YES_ERROR;
				GCC_WARN_UNDECLARED_SELECTOR = YES;
				GCC_WARN_UNINITIALIZED_AUTOS = YES_AGGRESSIVE;
				GCC_WARN_UNUSED_FUNCTION = YES;
				GCC_WARN_UNUSED_VARIABLE = YES;
				IPHONEOS_DEPLOYMENT_TARGET = 8.1;
				MTL_ENABLE_DEBUG_INFO = YES;
				ONLY_ACTIVE_ARCH = YES;
				SDKROOT = iphoneos;
				TARGETED_DEVICE_FAMILY = "1,2";
			};
			name = Debug;
		};
		75ADD3E31A6435D8002F1879 /* Release */ = {
			isa = XCBuildConfiguration;
			buildSettings = {
				ALWAYS_SEARCH_USER_PATHS = NO;
				CLANG_CXX_LANGUAGE_STANDARD = "gnu++0x";
				CLANG_CXX_LIBRARY = "libc++";
				CLANG_ENABLE_MODULES = YES;
				CLANG_ENABLE_OBJC_ARC = YES;
				CLANG_WARN_BOOL_CONVERSION = YES;
				CLANG_WARN_CONSTANT_CONVERSION = YES;
				CLANG_WARN_DIRECT_OBJC_ISA_USAGE = YES_ERROR;
				CLANG_WARN_EMPTY_BODY = YES;
				CLANG_WARN_ENUM_CONVERSION = YES;
				CLANG_WARN_INT_CONVERSION = YES;
				CLANG_WARN_OBJC_ROOT_CLASS = YES_ERROR;
				CLANG_WARN_UNREACHABLE_CODE = YES;
				CLANG_WARN__DUPLICATE_METHOD_MATCH = YES;
				"CODE_SIGN_IDENTITY[sdk=iphoneos*]" = "iPhone Developer";
				COPY_PHASE_STRIP = YES;
				ENABLE_NS_ASSERTIONS = NO;
				ENABLE_STRICT_OBJC_MSGSEND = YES;
				GCC_C_LANGUAGE_STANDARD = gnu99;
				GCC_WARN_64_TO_32_BIT_CONVERSION = YES;
				GCC_WARN_ABOUT_RETURN_TYPE = YES_ERROR;
				GCC_WARN_UNDECLARED_SELECTOR = YES;
				GCC_WARN_UNINITIALIZED_AUTOS = YES_AGGRESSIVE;
				GCC_WARN_UNUSED_FUNCTION = YES;
				GCC_WARN_UNUSED_VARIABLE = YES;
				IPHONEOS_DEPLOYMENT_TARGET = 8.1;
				MTL_ENABLE_DEBUG_INFO = NO;
				SDKROOT = iphoneos;
				TARGETED_DEVICE_FAMILY = "1,2";
				VALIDATE_PRODUCT = YES;
			};
			name = Release;
		};
		75ADD3E51A6435D8002F1879 /* Debug */ = {
			isa = XCBuildConfiguration;
			baseConfigurationReference = 85C7E0D27C8BB08D12C93E8E /* Pods.debug.xcconfig */;
			buildSettings = {
				ASSETCATALOG_COMPILER_APPICON_NAME = AppIcon;
				GCC_PREFIX_HEADER = "weather/weather-Prefix.pch";
				INFOPLIST_FILE = weather/Info.plist;
				LD_RUNPATH_SEARCH_PATHS = "$(inherited) @executable_path/Frameworks";
				PRODUCT_NAME = "$(TARGET_NAME)";
			};
			name = Debug;
		};
		75ADD3E61A6435D8002F1879 /* Release */ = {
			isa = XCBuildConfiguration;
			baseConfigurationReference = 2F7AA8C7A86990195D028347 /* Pods.release.xcconfig */;
			buildSettings = {
				ASSETCATALOG_COMPILER_APPICON_NAME = AppIcon;
				GCC_PREFIX_HEADER = "weather/weather-Prefix.pch";
				INFOPLIST_FILE = weather/Info.plist;
				LD_RUNPATH_SEARCH_PATHS = "$(inherited) @executable_path/Frameworks";
				PRODUCT_NAME = "$(TARGET_NAME)";
			};
			name = Release;
		};
		75ADD3E81A6435D8002F1879 /* Debug */ = {
			isa = XCBuildConfiguration;
			buildSettings = {
				BUNDLE_LOADER = "$(TEST_HOST)";
				FRAMEWORK_SEARCH_PATHS = (
					"$(SDKROOT)/Developer/Library/Frameworks",
					"$(inherited)",
				);
				GCC_PREPROCESSOR_DEFINITIONS = (
					"DEBUG=1",
					"$(inherited)",
				);
				INFOPLIST_FILE = weatherTests/Info.plist;
				LD_RUNPATH_SEARCH_PATHS = "$(inherited) @executable_path/Frameworks @loader_path/Frameworks";
				PRODUCT_NAME = "$(TARGET_NAME)";
				TEST_HOST = "$(BUILT_PRODUCTS_DIR)/weather.app/weather";
			};
			name = Debug;
		};
		75ADD3E91A6435D8002F1879 /* Release */ = {
			isa = XCBuildConfiguration;
			buildSettings = {
				BUNDLE_LOADER = "$(TEST_HOST)";
				FRAMEWORK_SEARCH_PATHS = (
					"$(SDKROOT)/Developer/Library/Frameworks",
					"$(inherited)",
				);
				INFOPLIST_FILE = weatherTests/Info.plist;
				LD_RUNPATH_SEARCH_PATHS = "$(inherited) @executable_path/Frameworks @loader_path/Frameworks";
				PRODUCT_NAME = "$(TARGET_NAME)";
				TEST_HOST = "$(BUILT_PRODUCTS_DIR)/weather.app/weather";
			};
			name = Release;
		};
/* End XCBuildConfiguration section */

/* Begin XCConfigurationList section */
		75ADD3BC1A6435D8002F1879 /* Build configuration list for PBXProject "weather" */ = {
			isa = XCConfigurationList;
			buildConfigurations = (
				75ADD3E21A6435D8002F1879 /* Debug */,
				75ADD3E31A6435D8002F1879 /* Release */,
			);
			defaultConfigurationIsVisible = 0;
			defaultConfigurationName = Release;
		};
		75ADD3E41A6435D8002F1879 /* Build configuration list for PBXNativeTarget "weather" */ = {
			isa = XCConfigurationList;
			buildConfigurations = (
				75ADD3E51A6435D8002F1879 /* Debug */,
				75ADD3E61A6435D8002F1879 /* Release */,
			);
			defaultConfigurationIsVisible = 0;
			defaultConfigurationName = Release;
		};
		75ADD3E71A6435D8002F1879 /* Build configuration list for PBXNativeTarget "weatherTests" */ = {
			isa = XCConfigurationList;
			buildConfigurations = (
				75ADD3E81A6435D8002F1879 /* Debug */,
				75ADD3E91A6435D8002F1879 /* Release */,
			);
			defaultConfigurationIsVisible = 0;
			defaultConfigurationName = Release;
		};
/* End XCConfigurationList section */
	};
	rootObject = 75ADD3B91A6435D8002F1879 /* Project object */;
}
